
Microsoft Visual Studio Solution File, Format Version 12.00
# Visual Studio Version 17
VisualStudioVersion = 17.9.34728.123
MinimumVisualStudioVersion = 10.0.40219.1
Project("{FAE04EC0-301F-11D3-BF4B-00C04F79EFBC}") = "Exam-Pactice-18-8-24", "Exam-Pactice-18-8-24\Exam-Pactice-18-8-24.csproj", "{FE6A6ED6-8FA7-42C0-B205-75D3FDE21022}"
EndProject
Global
	GlobalSection(SolutionConfigurationPlatforms) = preSolution
		Debug|Any CPU = Debug|Any CPU
		Release|Any CPU = Release|Any CPU
	EndGlobalSection
	GlobalSection(ProjectConfigurationPlatforms) = postSolution
		{FE6A6ED6-8FA7-42C0-B205-75D3FDE21022}.Debug|Any CPU.ActiveCfg = Debug|Any CPU
		{FE6A6ED6-8FA7-42C0-B205-75D3FDE21022}.Debug|Any CPU.Build.0 = Debug|Any CPU
		{FE6A6ED6-8FA7-42C0-B205-75D3FDE21022}.Release|Any CPU.ActiveCfg = Release|Any CPU
		{FE6A6ED6-8FA7-42C0-B205-75D3FDE21022}.Release|Any CPU.Build.0 = Release|Any CPU
	EndGlobalSection
	GlobalSection(SolutionProperties) = preSolution
		HideSolutionNode = FALSE
	EndGlobalSection
	GlobalSection(ExtensibilityGlobals) = postSolution
		SolutionGuid = {6A94F4CB-A30D-43A4-8B8C-8AB7BCC7C69F}
	EndGlobalSection
EndGlobal
